
Microsoft Visual Studio Solution File, Format Version 12.00
# Visual Studio Version 17
VisualStudioVersion = 17.9.34714.143
MinimumVisualStudioVersion = 10.0.40219.1
Project("{FAE04EC0-301F-11D3-BF4B-00C04F79EFBC}") = "Int.Prog.Final", "Int.Prog.Final\Int.Prog.Final.csproj", "{92DED35E-D69A-4C68-9EF9-E1B514624B0B}"
EndProject
Global
	GlobalSection(SolutionConfigurationPlatforms) = preSolution
		Debug|Any CPU = Debug|Any CPU
		Release|Any CPU = Release|Any CPU
	EndGlobalSection
	GlobalSection(ProjectConfigurationPlatforms) = postSolution
		{92DED35E-D69A-4C68-9EF9-E1B514624B0B}.Debug|Any CPU.ActiveCfg = Debug|Any CPU
		{92DED35E-D69A-4C68-9EF9-E1B514624B0B}.Debug|Any CPU.Build.0 = Debug|Any CPU
		{92DED35E-D69A-4C68-9EF9-E1B514624B0B}.Release|Any CPU.ActiveCfg = Release|Any CPU
		{92DED35E-D69A-4C68-9EF9-E1B514624B0B}.Release|Any CPU.Build.0 = Release|Any CPU
	EndGlobalSection
	GlobalSection(SolutionProperties) = preSolution
		HideSolutionNode = FALSE
	EndGlobalSection
	GlobalSection(ExtensibilityGlobals) = postSolution
		SolutionGuid = {E1A37622-4739-4998-8617-D6601AC5041B}
	EndGlobalSection
EndGlobal
